
Microsoft Visual Studio Solution File, Format Version 12.00
# Visual Studio 14
VisualStudioVersion = 14.0.23107.0
MinimumVisualStudioVersion = 10.0.40219.1
Project("{FAE04EC0-301F-11D3-BF4B-00C04F79EFBC}") = "EasyPacketSharp", "EasyPacketSharp\EasyPacketSharp.csproj", "{04341C0A-06AA-47B6-B24D-919B7DEFD2E4}"
EndProject
Project("{FAE04EC0-301F-11D3-BF4B-00C04F79EFBC}") = "EasyPacketSharpTests", "EasyPacketSharpTests\EasyPacketSharpTests.csproj", "{0C37622F-ECFE-4E81-BBBE-630F9D5610E2}"
EndProject
Project("{2150E333-8FDC-42A3-9474-1A3956D46DE8}") = "Tests", "Tests", "{9390ACC6-D71B-4ECD-9DC4-3D63E8034002}"
EndProject
Project("{2150E333-8FDC-42A3-9474-1A3956D46DE8}") = "Library", "Library", "{30FDB076-5766-47A5-A0C6-5D09B7F84061}"
EndProject
Project("{2150E333-8FDC-42A3-9474-1A3956D46DE8}") = "Examples", "Examples", "{003DDE59-60CF-40FE-A74E-5AFDE68AA079}"
EndProject
Project("{FAE04EC0-301F-11D3-BF4B-00C04F79EFBC}") = "SharedChatHandlers", "SharedChatHandlers\SharedChatHandlers.csproj", "{414AD171-78C5-4663-B280-6A0BCD93A7A7}"
EndProject
Project("{FAE04EC0-301F-11D3-BF4B-00C04F79EFBC}") = "ChatClient", "TestClient\ChatClient.csproj", "{F17BAB30-18D4-4667-87DF-1881724EA498}"
EndProject
Project("{FAE04EC0-301F-11D3-BF4B-00C04F79EFBC}") = "ChatServer", "TestServer\ChatServer.csproj", "{125E1787-A504-466F-94BE-161AEDB28E04}"
EndProject
Global
	GlobalSection(SolutionConfigurationPlatforms) = preSolution
		Debug|Any CPU = Debug|Any CPU
		Debug|ARM = Debug|ARM
		Debug|x64 = Debug|x64
		Debug|x86 = Debug|x86
		Release|Any CPU = Release|Any CPU
		Release|ARM = Release|ARM
		Release|x64 = Release|x64
		Release|x86 = Release|x86
	EndGlobalSection
	GlobalSection(ProjectConfigurationPlatforms) = postSolution
		{04341C0A-06AA-47B6-B24D-919B7DEFD2E4}.Debug|Any CPU.ActiveCfg = Debug|Any CPU
		{04341C0A-06AA-47B6-B24D-919B7DEFD2E4}.Debug|Any CPU.Build.0 = Debug|Any CPU
		{04341C0A-06AA-47B6-B24D-919B7DEFD2E4}.Debug|ARM.ActiveCfg = Debug|Any CPU
		{04341C0A-06AA-47B6-B24D-919B7DEFD2E4}.Debug|ARM.Build.0 = Debug|Any CPU
		{04341C0A-06AA-47B6-B24D-919B7DEFD2E4}.Debug|x64.ActiveCfg = Debug|Any CPU
		{04341C0A-06AA-47B6-B24D-919B7DEFD2E4}.Debug|x64.Build.0 = Debug|Any CPU
		{04341C0A-06AA-47B6-B24D-919B7DEFD2E4}.Debug|x86.ActiveCfg = Debug|Any CPU
		{04341C0A-06AA-47B6-B24D-919B7DEFD2E4}.Debug|x86.Build.0 = Debug|Any CPU
		{04341C0A-06AA-47B6-B24D-919B7DEFD2E4}.Release|Any CPU.ActiveCfg = Release|Any CPU
		{04341C0A-06AA-47B6-B24D-919B7DEFD2E4}.Release|Any CPU.Build.0 = Release|Any CPU
		{04341C0A-06AA-47B6-B24D-919B7DEFD2E4}.Release|ARM.ActiveCfg = Release|Any CPU
		{04341C0A-06AA-47B6-B24D-919B7DEFD2E4}.Release|ARM.Build.0 = Release|Any CPU
		{04341C0A-06AA-47B6-B24D-919B7DEFD2E4}.Release|x64.ActiveCfg = Release|Any CPU
		{04341C0A-06AA-47B6-B24D-919B7DEFD2E4}.Release|x64.Build.0 = Release|Any CPU
		{04341C0A-06AA-47B6-B24D-919B7DEFD2E4}.Release|x86.ActiveCfg = Release|Any CPU
		{04341C0A-06AA-47B6-B24D-919B7DEFD2E4}.Release|x86.Build.0 = Release|Any CPU
		{0C37622F-ECFE-4E81-BBBE-630F9D5610E2}.Debug|Any CPU.ActiveCfg = Debug|Any CPU
		{0C37622F-ECFE-4E81-BBBE-630F9D5610E2}.Debug|Any CPU.Build.0 = Debug|Any CPU
		{0C37622F-ECFE-4E81-BBBE-630F9D5610E2}.Debug|ARM.ActiveCfg = Debug|Any CPU
		{0C37622F-ECFE-4E81-BBBE-630F9D5610E2}.Debug|ARM.Build.0 = Debug|Any CPU
		{0C37622F-ECFE-4E81-BBBE-630F9D5610E2}.Debug|x64.ActiveCfg = Debug|Any CPU
		{0C37622F-ECFE-4E81-BBBE-630F9D5610E2}.Debug|x64.Build.0 = Debug|Any CPU
		{0C37622F-ECFE-4E81-BBBE-630F9D5610E2}.Debug|x86.ActiveCfg = Debug|Any CPU
		{0C37622F-ECFE-4E81-BBBE-630F9D5610E2}.Debug|x86.Build.0 = Debug|Any CPU
		{0C37622F-ECFE-4E81-BBBE-630F9D5610E2}.Release|Any CPU.ActiveCfg = Release|Any CPU
		{0C37622F-ECFE-4E81-BBBE-630F9D5610E2}.Release|Any CPU.Build.0 = Release|Any CPU
		{0C37622F-ECFE-4E81-BBBE-630F9D5610E2}.Release|ARM.ActiveCfg = Release|Any CPU
		{0C37622F-ECFE-4E81-BBBE-630F9D5610E2}.Release|ARM.Build.0 = Release|Any CPU
		{0C37622F-ECFE-4E81-BBBE-630F9D5610E2}.Release|x64.ActiveCfg = Release|Any CPU
		{0C37622F-ECFE-4E81-BBBE-630F9D5610E2}.Release|x64.Build.0 = Release|Any CPU
		{0C37622F-ECFE-4E81-BBBE-630F9D5610E2}.Release|x86.ActiveCfg = Release|Any CPU
		{0C37622F-ECFE-4E81-BBBE-630F9D5610E2}.Release|x86.Build.0 = Release|Any CPU
		{414AD171-78C5-4663-B280-6A0BCD93A7A7}.Debug|Any CPU.ActiveCfg = Debug|Any CPU
		{414AD171-78C5-4663-B280-6A0BCD93A7A7}.Debug|Any CPU.Build.0 = Debug|Any CPU
		{414AD171-78C5-4663-B280-6A0BCD93A7A7}.Debug|ARM.ActiveCfg = Debug|Any CPU
		{414AD171-78C5-4663-B280-6A0BCD93A7A7}.Debug|ARM.Build.0 = Debug|Any CPU
		{414AD171-78C5-4663-B280-6A0BCD93A7A7}.Debug|x64.ActiveCfg = Debug|Any CPU
		{414AD171-78C5-4663-B280-6A0BCD93A7A7}.Debug|x64.Build.0 = Debug|Any CPU
		{414AD171-78C5-4663-B280-6A0BCD93A7A7}.Debug|x86.ActiveCfg = Debug|Any CPU
		{414AD171-78C5-4663-B280-6A0BCD93A7A7}.Debug|x86.Build.0 = Debug|Any CPU
		{414AD171-78C5-4663-B280-6A0BCD93A7A7}.Release|Any CPU.ActiveCfg = Release|Any CPU
		{414AD171-78C5-4663-B280-6A0BCD93A7A7}.Release|Any CPU.Build.0 = Release|Any CPU
		{414AD171-78C5-4663-B280-6A0BCD93A7A7}.Release|ARM.ActiveCfg = Release|Any CPU
		{414AD171-78C5-4663-B280-6A0BCD93A7A7}.Release|ARM.Build.0 = Release|Any CPU
		{414AD171-78C5-4663-B280-6A0BCD93A7A7}.Release|x64.ActiveCfg = Release|Any CPU
		{414AD171-78C5-4663-B280-6A0BCD93A7A7}.Release|x64.Build.0 = Release|Any CPU
		{414AD171-78C5-4663-B280-6A0BCD93A7A7}.Release|x86.ActiveCfg = Release|Any CPU
		{414AD171-78C5-4663-B280-6A0BCD93A7A7}.Release|x86.Build.0 = Release|Any CPU
		{F17BAB30-18D4-4667-87DF-1881724EA498}.Debug|Any CPU.ActiveCfg = Debug|Any CPU
		{F17BAB30-18D4-4667-87DF-1881724EA498}.Debug|Any CPU.Build.0 = Debug|Any CPU
		{F17BAB30-18D4-4667-87DF-1881724EA498}.Debug|ARM.ActiveCfg = Debug|Any CPU
		{F17BAB30-18D4-4667-87DF-1881724EA498}.Debug|ARM.Build.0 = Debug|Any CPU
		{F17BAB30-18D4-4667-87DF-1881724EA498}.Debug|x64.ActiveCfg = Debug|Any CPU
		{F17BAB30-18D4-4667-87DF-1881724EA498}.Debug|x64.Build.0 = Debug|Any CPU
		{F17BAB30-18D4-4667-87DF-1881724EA498}.Debug|x86.ActiveCfg = Debug|Any CPU
		{F17BAB30-18D4-4667-87DF-1881724EA498}.Debug|x86.Build.0 = Debug|Any CPU
		{F17BAB30-18D4-4667-87DF-1881724EA498}.Release|Any CPU.ActiveCfg = Release|Any CPU
		{F17BAB30-18D4-4667-87DF-1881724EA498}.Release|Any CPU.Build.0 = Release|Any CPU
		{F17BAB30-18D4-4667-87DF-1881724EA498}.Release|ARM.ActiveCfg = Release|Any CPU
		{F17BAB30-18D4-4667-87DF-1881724EA498}.Release|ARM.Build.0 = Release|Any CPU
		{F17BAB30-18D4-4667-87DF-1881724EA498}.Release|x64.ActiveCfg = Release|Any CPU
		{F17BAB30-18D4-4667-87DF-1881724EA498}.Release|x64.Build.0 = Release|Any CPU
		{F17BAB30-18D4-4667-87DF-1881724EA498}.Release|x86.ActiveCfg = Release|Any CPU
		{F17BAB30-18D4-4667-87DF-1881724EA498}.Release|x86.Build.0 = Release|Any CPU
		{125E1787-A504-466F-94BE-161AEDB28E04}.Debug|Any CPU.ActiveCfg = Debug|Any CPU
		{125E1787-A504-466F-94BE-161AEDB28E04}.Debug|Any CPU.Build.0 = Debug|Any CPU
		{125E1787-A504-466F-94BE-161AEDB28E04}.Debug|ARM.ActiveCfg = Debug|Any CPU
		{125E1787-A504-466F-94BE-161AEDB28E04}.Debug|ARM.Build.0 = Debug|Any CPU
		{125E1787-A504-466F-94BE-161AEDB28E04}.Debug|x64.ActiveCfg = Debug|Any CPU
		{125E1787-A504-466F-94BE-161AEDB28E04}.Debug|x64.Build.0 = Debug|Any CPU
		{125E1787-A504-466F-94BE-161AEDB28E04}.Debug|x86.ActiveCfg = Debug|Any CPU
		{125E1787-A504-466F-94BE-161AEDB28E04}.Debug|x86.Build.0 = Debug|Any CPU
		{125E1787-A504-466F-94BE-161AEDB28E04}.Release|Any CPU.ActiveCfg = Release|Any CPU
		{125E1787-A504-466F-94BE-161AEDB28E04}.Release|Any CPU.Build.0 = Release|Any CPU
		{125E1787-A504-466F-94BE-161AEDB28E04}.Release|ARM.ActiveCfg = Release|Any CPU
		{125E1787-A504-466F-94BE-161AEDB28E04}.Release|ARM.Build.0 = Release|Any CPU
		{125E1787-A504-466F-94BE-161AEDB28E04}.Release|x64.ActiveCfg = Release|Any CPU
		{125E1787-A504-466F-94BE-161AEDB28E04}.Release|x64.Build.0 = Release|Any CPU
		{125E1787-A504-466F-94BE-161AEDB28E04}.Release|x86.ActiveCfg = Release|Any CPU
		{125E1787-A504-466F-94BE-161AEDB28E04}.Release|x86.Build.0 = Release|Any CPU
	EndGlobalSection
	GlobalSection(SolutionProperties) = preSolution
		HideSolutionNode = FALSE
	EndGlobalSection
	GlobalSection(NestedProjects) = preSolution
		{04341C0A-06AA-47B6-B24D-919B7DEFD2E4} = {30FDB076-5766-47A5-A0C6-5D09B7F84061}
		{0C37622F-ECFE-4E81-BBBE-630F9D5610E2} = {9390ACC6-D71B-4ECD-9DC4-3D63E8034002}
		{414AD171-78C5-4663-B280-6A0BCD93A7A7} = {003DDE59-60CF-40FE-A74E-5AFDE68AA079}
		{F17BAB30-18D4-4667-87DF-1881724EA498} = {003DDE59-60CF-40FE-A74E-5AFDE68AA079}
		{125E1787-A504-466F-94BE-161AEDB28E04} = {003DDE59-60CF-40FE-A74E-5AFDE68AA079}
	EndGlobalSection
EndGlobal
